<?xml version="1.0" encoding="utf-8"?>
<Project ToolsVersion="4.0" xmlns="http://schemas.microsoft.com/developer/msbuild/2003">
  <ItemGroup>
    <Filter Include="Source Files">
      <UniqueIdentifier>{5663a3f4-edd8-4fef-81a6-4d77bb128e0a}</UniqueIdentifier>
      <Extensions>.cpp</Extensions>
    </Filter>
    <Filter Include="Header Files">
      <UniqueIdentifier>{66e690c9-cf53-4589-920a-d2e2fc21f1fb}</UniqueIdentifier>
      <Extensions>.;.h</Extensions>
    </Filter>
  </ItemGroup>
  <ItemGroup>
    <ClCompile Include="algebra.cpp">
      <Filter>Source Files</Filter>
    </ClCompile>
    <ClCompile Include="algparam.cpp">
      <Filter>Source Files</Filter>
    </ClCompile>
    <ClCompile Include="base64.cpp">
      <Filter>Source Files</Filter>
    </ClCompile>
    <ClCompile Include="basecode.cpp">
      <Filter>Source Files</Filter>
    </ClCompile>
    <ClCompile Include="cryptlib.cpp">
      <Filter>Source Files</Filter>
    </ClCompile>
    <ClCompile Include="filters.cpp">
      <Filter>Source Files</Filter>
    </ClCompile>
    <ClCompile Include="hex.cpp">
      <Filter>Source Files</Filter>
    </ClCompile>
    <ClCompile Include="integer.cpp">
      <Filter>Source Files</Filter>
    </ClCompile>
    <ClCompile Include="iterhash.cpp">
      <Filter>Source Files</Filter>
    </ClCompile>
    <ClCompile Include="misc.cpp">
      <Filter>Source Files</Filter>
    </ClCompile>
    <ClCompile Include="pch.cpp">
      <Filter>Source Files</Filter>
    </ClCompile>
    <ClCompile Include="pubkey.cpp">
      <Filter>Source Files</Filter>
    </ClCompile>
    <ClCompile Include="queue.cpp">
      <Filter>Source Files</Filter>
    </ClCompile>
    <ClCompile Include="randpool.cpp">
      <Filter>Source Files</Filter>
    </ClCompile>
    <ClCompile Include="rng.cpp">
      <Filter>Source Files</Filter>
    </ClCompile>
    <ClCompile Include="sha.cpp">
      <Filter>Source Files</Filter>
    </ClCompile>
    <ClCompile Include="strciphr.cpp">
      <Filter>Source Files</Filter>
    </ClCompile>
    <ClCompile Include="dll.cpp">
      <Filter>Source Files</Filter>
    </ClCompile>
    <ClCompile Include="arc4.cpp">
      <Filter>Source Files</Filter>
    </ClCompile>
    <ClCompile Include="eprecomp.cpp">
      <Filter>Source Files</Filter>
    </ClCompile>
    <ClCompile Include="hmac.cpp">
      <Filter>Source Files</Filter>
    </ClCompile>
    <ClCompile Include="mqueue.cpp" />
  </ItemGroup>
  <ItemGroup>
    <ClInclude Include="algebra.h">
      <Filter>Header Files</Filter>
    </ClInclude>
    <ClInclude Include="algparam.h">
      <Filter>Header Files</Filter>
    </ClInclude>
    <ClInclude Include="argnames.h">
      <Filter>Header Files</Filter>
    </ClInclude>
    <ClInclude Include="base64.h">
      <Filter>Header Files</Filter>
    </ClInclude>
    <ClInclude Include="basecode.h">
      <Filter>Header Files</Filter>
    </ClInclude>
    <ClInclude Include="config.h">
      <Filter>Header Files</Filter>
    </ClInclude>
    <ClInclude Include="cryptlib.h">
      <Filter>Header Files</Filter>
    </ClInclude>
    <ClInclude Include="dll.h">
      <Filter>Header Files</Filter>
    </ClInclude>
    <ClInclude Include="eprecomp.h">
      <Filter>Header Files</Filter>
    </ClInclude>
    <ClInclude Include="factory.h">
      <Filter>Header Files</Filter>
    </ClInclude>
    <ClInclude Include="filters.h">
      <Filter>Header Files</Filter>
    </ClInclude>
    <ClInclude Include="fltrimpl.h">
      <Filter>Header Files</Filter>
    </ClInclude>
    <ClInclude Include="hex.h">
      <Filter>Header Files</Filter>
    </ClInclude>
    <ClInclude Include="integer.h">
      <Filter>Header Files</Filter>
    </ClInclude>
    <ClInclude Include="iterhash.h">
      <Filter>Header Files</Filter>
    </ClInclude>
    <ClInclude Include="misc.h">
      <Filter>Header Files</Filter>
    </ClInclude>
    <ClInclude Include="modarith.h">
      <Filter>Header Files</Filter>
    </ClInclude>
    <ClInclude Include="pubkey.h">
      <Filter>Header Files</Filter>
    </ClInclude>
    <ClInclude Include="queue.h">
      <Filter>Header Files</Filter>
    </ClInclude>
    <ClInclude Include="randpool.h">
      <Filter>Header Files</Filter>
    </ClInclude>
    <ClInclude Include="rng.h">
      <Filter>Header Files</Filter>
    </ClInclude>
    <ClInclude Include="secblock.h">
      <Filter>Header Files</Filter>
    </ClInclude>
    <ClInclude Include="seckey.h">
      <Filter>Header Files</Filter>
    </ClInclude>
    <ClInclude Include="sha.h">
      <Filter>Header Files</Filter>
    </ClInclude>
    <ClInclude Include="simple.h">
      <Filter>Header Files</Filter>
    </ClInclude>
    <ClInclude Include="smartptr.h">
      <Filter>Header Files</Filter>
    </ClInclude>
    <ClInclude Include="stdcpp.h">
      <Filter>Header Files</Filter>
    </ClInclude>
    <ClInclude Include="strciphr.h">
      <Filter>Header Files</Filter>
    </ClInclude>
    <ClInclude Include="trunhash.h">
      <Filter>Header Files</Filter>
    </ClInclude>
    <ClInclude Include="words.h">
      <Filter>Header Files</Filter>
    </ClInclude>
    <ClInclude Include="hmac.h">
      <Filter>Header Files</Filter>
    </ClInclude>
    <ClInclude Include="arc4.h">
      <Filter>Header Files</Filter>
    </ClInclude>
    <ClInclude Include="mqueue.h" />
  </ItemGroup>
</Project>